
Microsoft Visual Studio Solution File, Format Version 12.00
# Visual Studio Version 16
VisualStudioVersion = 16.0.29411.108
MinimumVisualStudioVersion = 10.0.40219.1
Project("{FAE04EC0-301F-11D3-BF4B-00C04F79EFBC}") = "WargamingAPI", "WargamingAPI\WargamingAPI.csproj", "{2342E8E8-4F78-4BE1-9230-A02E7425F7B9}"
EndProject
Project("{FAE04EC0-301F-11D3-BF4B-00C04F79EFBC}") = "WargamingAPITests", "WargamingAPITests\WargamingAPITests.csproj", "{6413A5B4-9CF1-49B7-967F-562C0604330D}"
EndProject
Project("{FAE04EC0-301F-11D3-BF4B-00C04F79EFBC}") = "ConsoleTest", "ConsoleTest\ConsoleTest.csproj", "{F2DB5526-48E0-4517-848F-0314620CA8A0}"
EndProject
Global
	GlobalSection(SolutionConfigurationPlatforms) = preSolution
		Debug|Any CPU = Debug|Any CPU
		Release|Any CPU = Release|Any CPU
	EndGlobalSection
	GlobalSection(ProjectConfigurationPlatforms) = postSolution
		{2342E8E8-4F78-4BE1-9230-A02E7425F7B9}.Debug|Any CPU.ActiveCfg = Debug|Any CPU
		{2342E8E8-4F78-4BE1-9230-A02E7425F7B9}.Debug|Any CPU.Build.0 = Debug|Any CPU
		{2342E8E8-4F78-4BE1-9230-A02E7425F7B9}.Release|Any CPU.ActiveCfg = Release|Any CPU
		{2342E8E8-4F78-4BE1-9230-A02E7425F7B9}.Release|Any CPU.Build.0 = Release|Any CPU
		{6413A5B4-9CF1-49B7-967F-562C0604330D}.Debug|Any CPU.ActiveCfg = Debug|Any CPU
		{6413A5B4-9CF1-49B7-967F-562C0604330D}.Debug|Any CPU.Build.0 = Debug|Any CPU
		{6413A5B4-9CF1-49B7-967F-562C0604330D}.Release|Any CPU.ActiveCfg = Release|Any CPU
		{6413A5B4-9CF1-49B7-967F-562C0604330D}.Release|Any CPU.Build.0 = Release|Any CPU
		{F2DB5526-48E0-4517-848F-0314620CA8A0}.Debug|Any CPU.ActiveCfg = Debug|Any CPU
		{F2DB5526-48E0-4517-848F-0314620CA8A0}.Debug|Any CPU.Build.0 = Debug|Any CPU
		{F2DB5526-48E0-4517-848F-0314620CA8A0}.Release|Any CPU.ActiveCfg = Release|Any CPU
		{F2DB5526-48E0-4517-848F-0314620CA8A0}.Release|Any CPU.Build.0 = Release|Any CPU
	EndGlobalSection
	GlobalSection(SolutionProperties) = preSolution
		HideSolutionNode = FALSE
	EndGlobalSection
	GlobalSection(ExtensibilityGlobals) = postSolution
		SolutionGuid = {909988E1-52A0-490F-ABAD-52E31C6C4525}
	EndGlobalSection
EndGlobal
